
Microsoft Visual Studio Solution File, Format Version 12.00
# Visual Studio Version 17
VisualStudioVersion = 17.6.33829.357
MinimumVisualStudioVersion = 10.0.40219.1
Project("{FAE04EC0-301F-11D3-BF4B-00C04F79EFBC}") = "JSONStorageAPI", "JSONStorageAPI.csproj", "{CA2EB3C4-5130-4E55-A829-4AB1E3507C88}"
EndProject
Global
	GlobalSection(SolutionConfigurationPlatforms) = preSolution
		Debug|Any CPU = Debug|Any CPU
		Release|Any CPU = Release|Any CPU
	EndGlobalSection
	GlobalSection(ProjectConfigurationPlatforms) = postSolution
		{CA2EB3C4-5130-4E55-A829-4AB1E3507C88}.Debug|Any CPU.ActiveCfg = Debug|Any CPU
		{CA2EB3C4-5130-4E55-A829-4AB1E3507C88}.Debug|Any CPU.Build.0 = Debug|Any CPU
		{CA2EB3C4-5130-4E55-A829-4AB1E3507C88}.Release|Any CPU.ActiveCfg = Release|Any CPU
		{CA2EB3C4-5130-4E55-A829-4AB1E3507C88}.Release|Any CPU.Build.0 = Release|Any CPU
	EndGlobalSection
	GlobalSection(SolutionProperties) = preSolution
		HideSolutionNode = FALSE
	EndGlobalSection
	GlobalSection(ExtensibilityGlobals) = postSolution
		SolutionGuid = {5A4A229D-68A3-4E8E-B8D9-EEA36DF95EA7}
	EndGlobalSection
EndGlobal
